// !$*UTF8*$!
{
	archiveVersion = 1;
	classes = {
	};
	objectVersion = 46;
	objects = {

/* Begin PBXBuildFile section */
		5C63CE901DF8AE0200970B7C /* HistoricEventsList.plist in Resources */ = {isa = PBXBuildFile; fileRef = 5C63CE8F1DF8AE0200970B7C /* HistoricEventsList.plist */; };
		5C8776C31DF6E80E00D36459 /* AppDelegate.swift in Sources */ = {isa = PBXBuildFile; fileRef = 5C8776C21DF6E80E00D36459 /* AppDelegate.swift */; };
		5C8776C51DF6E80E00D36459 /* ViewController.swift in Sources */ = {isa = PBXBuildFile; fileRef = 5C8776C41DF6E80E00D36459 /* ViewController.swift */; };
		5C8776C81DF6E80E00D36459 /* Main.storyboard in Resources */ = {isa = PBXBuildFile; fileRef = 5C8776C61DF6E80E00D36459 /* Main.storyboard */; };
		5C8776CA1DF6E80E00D36459 /* Assets.xcassets in Resources */ = {isa = PBXBuildFile; fileRef = 5C8776C91DF6E80E00D36459 /* Assets.xcassets */; };
		5C8776CD1DF6E80E00D36459 /* LaunchScreen.storyboard in Resources */ = {isa = PBXBuildFile; fileRef = 5C8776CB1DF6E80E00D36459 /* LaunchScreen.storyboard */; };
		5C8776D61DF6E9A200D36459 /* CorrectDing.wav in Resources */ = {isa = PBXBuildFile; fileRef = 5C8776D51DF6E9A200D36459 /* CorrectDing.wav */; };
		5C8776D81DF6E9A900D36459 /* IncorrectBuzz.wav in Resources */ = {isa = PBXBuildFile; fileRef = 5C8776D71DF6E9A900D36459 /* IncorrectBuzz.wav */; };
		5C8777171DF6F78300D36459 /* ResultsController.swift in Sources */ = {isa = PBXBuildFile; fileRef = 5C8777161DF6F78300D36459 /* ResultsController.swift */; };
		5C8777191DF6FA0900D36459 /* HistoricEvents.swift in Sources */ = {isa = PBXBuildFile; fileRef = 5C8777181DF6FA0900D36459 /* HistoricEvents.swift */; };
/* End PBXBuildFile section */

/* Begin PBXFileReference section */
		5C63CE8F1DF8AE0200970B7C /* HistoricEventsList.plist */ = {isa = PBXFileReference; fileEncoding = 4; lastKnownFileType = text.plist.xml; path = HistoricEventsList.plist; sourceTree = "<group>"; };
		5C8776BF1DF6E80E00D36459 /* BoutTime.app */ = {isa = PBXFileReference; explicitFileType = wrapper.application; includeInIndex = 0; path = BoutTime.app; sourceTree = BUILT_PRODUCTS_DIR; };
		5C8776C21DF6E80E00D36459 /* AppDelegate.swift */ = {isa = PBXFileReference; lastKnownFileType = sourcecode.swift; path = AppDelegate.swift; sourceTree = "<group>"; };
		5C8776C41DF6E80E00D36459 /* ViewController.swift */ = {isa = PBXFileReference; lastKnownFileType = sourcecode.swift; name = ViewController.swift; path = BoutTime/ViewController.swift; sourceTree = "<group>"; };
		5C8776C71DF6E80E00D36459 /* Base */ = {isa = PBXFileReference; lastKnownFileType = file.storyboard; name = Base; path = Base.lproj/Main.storyboard; sourceTree = "<group>"; };
		5C8776C91DF6E80E00D36459 /* Assets.xcassets */ = {isa = PBXFileReference; lastKnownFileType = folder.assetcatalog; path = Assets.xcassets; sourceTree = "<group>"; };
		5C8776CC1DF6E80E00D36459 /* Base */ = {isa = PBXFileReference; lastKnownFileType = file.storyboard; name = Base; path = Base.lproj/LaunchScreen.storyboard; sourceTree = "<group>"; };
		5C8776CE1DF6E80E00D36459 /* Info.plist */ = {isa = PBXFileReference; lastKnownFileType = text.plist.xml; path = Info.plist; sourceTree = "<group>"; };
		5C8776D51DF6E9A200D36459 /* CorrectDing.wav */ = {isa = PBXFileReference; lastKnownFileType = audio.wav; path = CorrectDing.wav; sourceTree = "<group>"; };
		5C8776D71DF6E9A900D36459 /* IncorrectBuzz.wav */ = {isa = PBXFileReference; lastKnownFileType = audio.wav; path = IncorrectBuzz.wav; sourceTree = "<group>"; };
		5C8777161DF6F78300D36459 /* ResultsController.swift */ = {isa = PBXFileReference; fileEncoding = 4; lastKnownFileType = sourcecode.swift; path = ResultsController.swift; sourceTree = "<group>"; };
		5C8777181DF6FA0900D36459 /* HistoricEvents.swift */ = {isa = PBXFileReference; fileEncoding = 4; lastKnownFileType = sourcecode.swift; path = HistoricEvents.swift; sourceTree = "<group>"; };
/* End PBXFileReference section */

/* Begin PBXFrameworksBuildPhase section */
		5C8776BC1DF6E80E00D36459 /* Frameworks */ = {
			isa = PBXFrameworksBuildPhase;
			buildActionMask = 2147483647;
			files = (
			);
			runOnlyForDeploymentPostprocessing = 0;
		};
/* End PBXFrameworksBuildPhase section */

/* Begin PBXGroup section */
		5C8776B61DF6E80E00D36459 = {
			isa = PBXGroup;
			children = (
				5C8777151DF6F64F00D36459 /* Controllers */,
				5C8776D41DF6E98B00D36459 /* Sounds */,
				5C8776C11DF6E80E00D36459 /* BoutTime */,
				5C8776C01DF6E80E00D36459 /* Products */,
			);
			sourceTree = "<group>";
		};
		5C8776C01DF6E80E00D36459 /* Products */ = {
			isa = PBXGroup;
			children = (
				5C8776BF1DF6E80E00D36459 /* BoutTime.app */,
			);
			name = Products;
			sourceTree = "<group>";
		};
		5C8776C11DF6E80E00D36459 /* BoutTime */ = {
			isa = PBXGroup;
			children = (
				5C8776C21DF6E80E00D36459 /* AppDelegate.swift */,
				5C8776C61DF6E80E00D36459 /* Main.storyboard */,
				5C8776C91DF6E80E00D36459 /* Assets.xcassets */,
				5C8776CB1DF6E80E00D36459 /* LaunchScreen.storyboard */,
				5C8776CE1DF6E80E00D36459 /* Info.plist */,
				5C8777181DF6FA0900D36459 /* HistoricEvents.swift */,
				5C63CE8F1DF8AE0200970B7C /* HistoricEventsList.plist */,
			);
			path = BoutTime;
			sourceTree = "<group>";
		};
		5C8776D41DF6E98B00D36459 /* Sounds */ = {
			isa = PBXGroup;
			children = (
				5C8776D71DF6E9A900D36459 /* IncorrectBuzz.wav */,
				5C8776D51DF6E9A200D36459 /* CorrectDing.wav */,
			);
			name = Sounds;
			sourceTree = "<group>";
		};
		5C8777151DF6F64F00D36459 /* Controllers */ = {
			isa = PBXGroup;
			children = (
				5C8776C41DF6E80E00D36459 /* ViewController.swift */,
				5C8777161DF6F78300D36459 /* ResultsController.swift */,
			);
			name = Controllers;
			sourceTree = "<group>";
		};
/* End PBXGroup section */

/* Begin PBXNativeTarget section */
		5C8776BE1DF6E80E00D36459 /* BoutTime */ = {
			isa = PBXNativeTarget;
			buildConfigurationList = 5C8776D11DF6E80E00D36459 /* Build configuration list for PBXNativeTarget "BoutTime" */;
			buildPhases = (
				5C8776BB1DF6E80E00D36459 /* Sources */,
				5C8776BC1DF6E80E00D36459 /* Frameworks */,
				5C8776BD1DF6E80E00D36459 /* Resources */,
			);
			buildRules = (
			);
			dependencies = (
			);
			name = BoutTime;
			productName = BoutTime;
			productReference = 5C8776BF1DF6E80E00D36459 /* BoutTime.app */;
			productType = "com.apple.product-type.application";
		};
/* End PBXNativeTarget section */

/* Begin PBXProject section */
		5C8776B71DF6E80E00D36459 /* Project object */ = {
			isa = PBXProject;
			attributes = {
				LastSwiftUpdateCheck = 0810;
				LastUpgradeCheck = 0810;
				ORGANIZATIONNAME = "Anderson Cahet";
				TargetAttributes = {
					5C8776BE1DF6E80E00D36459 = {
						CreatedOnToolsVersion = 8.1;
						DevelopmentTeam = K8Y2P8R2J7;
						ProvisioningStyle = Automatic;
					};
				};
			};
			buildConfigurationList = 5C8776BA1DF6E80E00D36459 /* Build configuration list for PBXProject "BoutTime" */;
			compatibilityVersion = "Xcode 3.2";
			developmentRegion = English;
			hasScannedForEncodings = 0;
			knownRegions = (
				en,
				Base,
			);
			mainGroup = 5C8776B61DF6E80E00D36459;
			productRefGroup = 5C8776C01DF6E80E00D36459 /* Products */;
			projectDirPath = "";
			projectRoot = "";
			targets = (
				5C8776BE1DF6E80E00D36459 /* BoutTime */,
			);
		};
/* End PBXProject section */

/* Begin PBXResourcesBuildPhase section */
		5C8776BD1DF6E80E00D36459 /* Resources */ = {
			isa = PBXResourcesBuildPhase;
			buildActionMask = 2147483647;
			files = (
				5C8776CD1DF6E80E00D36459 /* LaunchScreen.storyboard in Resources */,
				5C8776D81DF6E9A900D36459 /* IncorrectBuzz.wav in Resources */,
				5C63CE901DF8AE0200970B7C /* HistoricEventsList.plist in Resources */,
				5C8776CA1DF6E80E00D36459 /* Assets.xcassets in Resources */,
				5C8776C81DF6E80E00D36459 /* Main.storyboard in Resources */,
				5C8776D61DF6E9A200D36459 /* CorrectDing.wav in Resources */,
			);
			runOnlyForDeploymentPostprocessing = 0;
		};
/* End PBXResourcesBuildPhase section */

/* Begin PBXSourcesBuildPhase section */
		5C8776BB1DF6E80E00D36459 /* Sources */ = {
			isa = PBXSourcesBuildPhase;
			buildActionMask = 2147483647;
			files = (
				5C8776C51DF6E80E00D36459 /* ViewController.swift in Sources */,
				5C8777191DF6FA0900D36459 /* HistoricEvents.swift in Sources */,
				5C8776C31DF6E80E00D36459 /* AppDelegate.swift in Sources */,
				5C8777171DF6F78300D36459 /* ResultsController.swift in Sources */,
			);
			runOnlyForDeploymentPostprocessing = 0;
		};
/* End PBXSourcesBuildPhase section */

/* Begin PBXVariantGroup section */
		5C8776C61DF6E80E00D36459 /* Main.storyboard */ = {
			isa = PBXVariantGroup;
			children = (
				5C8776C71DF6E80E00D36459 /* Base */,
			);
			name = Main.storyboard;
			sourceTree = "<group>";
		};
		5C8776CB1DF6E80E00D36459 /* LaunchScreen.storyboard */ = {
			isa = PBXVariantGroup;
			children = (
				5C8776CC1DF6E80E00D36459 /* Base */,
			);
			name = LaunchScreen.storyboard;
			sourceTree = "<group>";
		};
/* End PBXVariantGroup section */

/* Begin XCBuildConfiguration section */
		5C8776CF1DF6E80E00D36459 /* Debug */ = {
			isa = XCBuildConfiguration;
			buildSettings = {
				ALWAYS_SEARCH_USER_PATHS = NO;
				CLANG_ANALYZER_NONNULL = YES;
				CLANG_CXX_LANGUAGE_STANDARD = "gnu++0x";
				CLANG_CXX_LIBRARY = "libc++";
				CLANG_ENABLE_MODULES = YES;
				CLANG_ENABLE_OBJC_ARC = YES;
				CLANG_WARN_BOOL_CONVERSION = YES;
				CLANG_WARN_CONSTANT_CONVERSION = YES;
				CLANG_WARN_DIRECT_OBJC_ISA_USAGE = YES_ERROR;
				CLANG_WARN_DOCUMENTATION_COMMENTS = YES;
				CLANG_WARN_EMPTY_BODY = YES;
				CLANG_WARN_ENUM_CONVERSION = YES;
				CLANG_WARN_INFINITE_RECURSION = YES;
				CLANG_WARN_INT_CONVERSION = YES;
				CLANG_WARN_OBJC_ROOT_CLASS = YES_ERROR;
				CLANG_WARN_SUSPICIOUS_MOVES = YES;
				CLANG_WARN_UNREACHABLE_CODE = YES;
				CLANG_WARN__DUPLICATE_METHOD_MATCH = YES;
				"CODE_SIGN_IDENTITY[sdk=iphoneos*]" = "iPhone Developer";
				COPY_PHASE_STRIP = NO;
				DEBUG_INFORMATION_FORMAT = dwarf;
				ENABLE_STRICT_OBJC_MSGSEND = YES;
				ENABLE_TESTABILITY = YES;
				GCC_C_LANGUAGE_STANDARD = gnu99;
				GCC_DYNAMIC_NO_PIC = NO;
				GCC_NO_COMMON_BLOCKS = YES;
				GCC_OPTIMIZATION_LEVEL = 0;
				GCC_PREPROCESSOR_DEFINITIONS = (
					"DEBUG=1",
					"$(inherited)",
				);
				GCC_WARN_64_TO_32_BIT_CONVERSION = YES;
				GCC_WARN_ABOUT_RETURN_TYPE = YES_ERROR;
				GCC_WARN_UNDECLARED_SELECTOR = YES;
				GCC_WARN_UNINITIALIZED_AUTOS = YES_AGGRESSIVE;
				GCC_WARN_UNUSED_FUNCTION = YES;
				GCC_WARN_UNUSED_VARIABLE = YES;
				IPHONEOS_DEPLOYMENT_TARGET = 10.1;
				MTL_ENABLE_DEBUG_INFO = YES;
				ONLY_ACTIVE_ARCH = YES;
				SDKROOT = iphoneos;
				SWIFT_ACTIVE_COMPILATION_CONDITIONS = DEBUG;
				SWIFT_OPTIMIZATION_LEVEL = "-Onone";
			};
			name = Debug;
		};
		5C8776D01DF6E80E00D36459 /* Release */ = {
			isa = XCBuildConfiguration;
			buildSettings = {
				ALWAYS_SEARCH_USER_PATHS = NO;
				CLANG_ANALYZER_NONNULL = YES;
				CLANG_CXX_LANGUAGE_STANDARD = "gnu++0x";
				CLANG_CXX_LIBRARY = "libc++";
				CLANG_ENABLE_MODULES = YES;
				CLANG_ENABLE_OBJC_ARC = YES;
				CLANG_WARN_BOOL_CONVERSION = YES;
				CLANG_WARN_CONSTANT_CONVERSION = YES;
				CLANG_WARN_DIRECT_OBJC_ISA_USAGE = YES_ERROR;
				CLANG_WARN_DOCUMENTATION_COMMENTS = YES;
				CLANG_WARN_EMPTY_BODY = YES;
				CLANG_WARN_ENUM_CONVERSION = YES;
				CLANG_WARN_INFINITE_RECURSION = YES;
				CLANG_WARN_INT_CONVERSION = YES;
				CLANG_WARN_OBJC_ROOT_CLASS = YES_ERROR;
				CLANG_WARN_SUSPICIOUS_MOVES = YES;
				CLANG_WARN_UNREACHABLE_CODE = YES;
				CLANG_WARN__DUPLICATE_METHOD_MATCH = YES;
				"CODE_SIGN_IDENTITY[sdk=iphoneos*]" = "iPhone Developer";
				COPY_PHASE_STRIP = NO;
				DEBUG_INFORMATION_FORMAT = "dwarf-with-dsym";
				ENABLE_NS_ASSERTIONS = NO;
				ENABLE_STRICT_OBJC_MSGSEND = YES;
				GCC_C_LANGUAGE_STANDARD = gnu99;
				GCC_NO_COMMON_BLOCKS = YES;
				GCC_WARN_64_TO_32_BIT_CONVERSION = YES;
				GCC_WARN_ABOUT_RETURN_TYPE = YES_ERROR;
				GCC_WARN_UNDECLARED_SELECTOR = YES;
				GCC_WARN_UNINITIALIZED_AUTOS = YES_AGGRESSIVE;
				GCC_WARN_UNUSED_FUNCTION = YES;
				GCC_WARN_UNUSED_VARIABLE = YES;
				IPHONEOS_DEPLOYMENT_TARGET = 10.1;
				MTL_ENABLE_DEBUG_INFO = NO;
				SDKROOT = iphoneos;
				SWIFT_OPTIMIZATION_LEVEL = "-Owholemodule";
				VALIDATE_PRODUCT = YES;
			};
			name = Release;
		};
		5C8776D21DF6E80E00D36459 /* Debug */ = {
			isa = XCBuildConfiguration;
			buildSettings = {
				ASSETCATALOG_COMPILER_APPICON_NAME = AppIcon;
				DEVELOPMENT_TEAM = K8Y2P8R2J7;
				INFOPLIST_FILE = BoutTime/Info.plist;
				IPHONEOS_DEPLOYMENT_TARGET = 9.2;
				LD_RUNPATH_SEARCH_PATHS = "$(inherited) @executable_path/Frameworks";
				PRODUCT_BUNDLE_IDENTIFIER = com.andersoncahet.BoutTime;
				PRODUCT_NAME = "$(TARGET_NAME)";
				SWIFT_VERSION = 3.0;
			};
			name = Debug;
		};
		5C8776D31DF6E80E00D36459 /* Release */ = {
			isa = XCBuildConfiguration;
			buildSettings = {
				ASSETCATALOG_COMPILER_APPICON_NAME = AppIcon;
				DEVELOPMENT_TEAM = K8Y2P8R2J7;
				INFOPLIST_FILE = BoutTime/Info.plist;
				IPHONEOS_DEPLOYMENT_TARGET = 9.2;
				LD_RUNPATH_SEARCH_PATHS = "$(inherited) @executable_path/Frameworks";
				PRODUCT_BUNDLE_IDENTIFIER = com.andersoncahet.BoutTime;
				PRODUCT_NAME = "$(TARGET_NAME)";
				SWIFT_VERSION = 3.0;
			};
			name = Release;
		};
/* End XCBuildConfiguration section */

/* Begin XCConfigurationList section */
		5C8776BA1DF6E80E00D36459 /* Build configuration list for PBXProject "BoutTime" */ = {
			isa = XCConfigurationList;
			buildConfigurations = (
				5C8776CF1DF6E80E00D36459 /* Debug */,
				5C8776D01DF6E80E00D36459 /* Release */,
			);
			defaultConfigurationIsVisible = 0;
			defaultConfigurationName = Release;
		};
		5C8776D11DF6E80E00D36459 /* Build configuration list for PBXNativeTarget "BoutTime" */ = {
			isa = XCConfigurationList;
			buildConfigurations = (
				5C8776D21DF6E80E00D36459 /* Debug */,
				5C8776D31DF6E80E00D36459 /* Release */,
			);
			defaultConfigurationIsVisible = 0;
			defaultConfigurationName = Release;
		};
/* End XCConfigurationList section */
	};
	rootObject = 5C8776B71DF6E80E00D36459 /* Project object */;
}
